
Microsoft Visual Studio Solution File, Format Version 11.00
# Visual Studio 2010
Project("{FAE04EC0-301F-11D3-BF4B-00C04F79EFBC}") = "NetExtensions", "NetExtensions.csproj", "{FB63797A-0FCA-4A80-B49D-A552840F1260}"
EndProject
Project("{FAE04EC0-301F-11D3-BF4B-00C04F79EFBC}") = "NetExtensions.Test", "..\NetExtensions.Test\NetExtensions.Test.csproj", "{76C607E1-F0C1-442A-84B1-460F557D1847}"
EndProject
Global
	GlobalSection(SolutionConfigurationPlatforms) = preSolution
		Debug|Any CPU = Debug|Any CPU
		Release|Any CPU = Release|Any CPU
	EndGlobalSection
	GlobalSection(ProjectConfigurationPlatforms) = postSolution
		{FB63797A-0FCA-4A80-B49D-A552840F1260}.Debug|Any CPU.ActiveCfg = Debug|Any CPU
		{FB63797A-0FCA-4A80-B49D-A552840F1260}.Debug|Any CPU.Build.0 = Debug|Any CPU
		{FB63797A-0FCA-4A80-B49D-A552840F1260}.Release|Any CPU.ActiveCfg = Release|Any CPU
		{FB63797A-0FCA-4A80-B49D-A552840F1260}.Release|Any CPU.Build.0 = Release|Any CPU
		{76C607E1-F0C1-442A-84B1-460F557D1847}.Debug|Any CPU.ActiveCfg = Debug|Any CPU
		{76C607E1-F0C1-442A-84B1-460F557D1847}.Debug|Any CPU.Build.0 = Debug|Any CPU
		{76C607E1-F0C1-442A-84B1-460F557D1847}.Release|Any CPU.ActiveCfg = Release|Any CPU
		{76C607E1-F0C1-442A-84B1-460F557D1847}.Release|Any CPU.Build.0 = Release|Any CPU
	EndGlobalSection
	GlobalSection(SolutionProperties) = preSolution
		HideSolutionNode = FALSE
	EndGlobalSection
EndGlobal
